
Microsoft Visual Studio Solution File, Format Version 12.00
# Visual Studio Version 17
VisualStudioVersion = 17.11.35303.130
MinimumVisualStudioVersion = 10.0.40219.1
Project("{FAE04EC0-301F-11D3-BF4B-00C04F79EFBC}") = "CProject", "CProject\CProject.csproj", "{70360398-BA51-42D5-A2BF-9104406C8AC5}"
EndProject
Global
	GlobalSection(SolutionConfigurationPlatforms) = preSolution
		Debug|Any CPU = Debug|Any CPU
		Release|Any CPU = Release|Any CPU
	EndGlobalSection
	GlobalSection(ProjectConfigurationPlatforms) = postSolution
		{70360398-BA51-42D5-A2BF-9104406C8AC5}.Debug|Any CPU.ActiveCfg = Debug|Any CPU
		{70360398-BA51-42D5-A2BF-9104406C8AC5}.Debug|Any CPU.Build.0 = Debug|Any CPU
		{70360398-BA51-42D5-A2BF-9104406C8AC5}.Release|Any CPU.ActiveCfg = Release|Any CPU
		{70360398-BA51-42D5-A2BF-9104406C8AC5}.Release|Any CPU.Build.0 = Release|Any CPU
	EndGlobalSection
	GlobalSection(SolutionProperties) = preSolution
		HideSolutionNode = FALSE
	EndGlobalSection
	GlobalSection(ExtensibilityGlobals) = postSolution
		SolutionGuid = {8437FA21-4332-4C3E-897C-237A136BF96A}
	EndGlobalSection
EndGlobal
